
Microsoft Visual Studio Solution File, Format Version 12.00
# Visual Studio 15
VisualStudioVersion = 15.0.27130.2010
MinimumVisualStudioVersion = 10.0.40219.1
Project("{9A19103F-16F7-4668-BE54-9A1E7A4F7556}") = "aureliadotnetcore", "aureliadotnetcore.csproj", "{544A8042-9606-48D1-B2A7-0C2AF2E75F51}"
EndProject
Global
	GlobalSection(SolutionConfigurationPlatforms) = preSolution
		Debug|Any CPU = Debug|Any CPU
		Release|Any CPU = Release|Any CPU
	EndGlobalSection
	GlobalSection(ProjectConfigurationPlatforms) = postSolution
		{544A8042-9606-48D1-B2A7-0C2AF2E75F51}.Debug|Any CPU.ActiveCfg = Debug|Any CPU
		{544A8042-9606-48D1-B2A7-0C2AF2E75F51}.Debug|Any CPU.Build.0 = Debug|Any CPU
		{544A8042-9606-48D1-B2A7-0C2AF2E75F51}.Release|Any CPU.ActiveCfg = Release|Any CPU
		{544A8042-9606-48D1-B2A7-0C2AF2E75F51}.Release|Any CPU.Build.0 = Release|Any CPU
	EndGlobalSection
	GlobalSection(SolutionProperties) = preSolution
		HideSolutionNode = FALSE
	EndGlobalSection
	GlobalSection(ExtensibilityGlobals) = postSolution
		SolutionGuid = {E589375E-0F7A-4DB1-BDE4-10A461800080}
	EndGlobalSection
EndGlobal
